
Microsoft Visual Studio Solution File, Format Version 12.00
# Visual Studio Version 17
VisualStudioVersion = 17.4.33122.133
MinimumVisualStudioVersion = 10.0.40219.1
Project("{FAE04EC0-301F-11D3-BF4B-00C04F79EFBC}") = "MusicSQLDatabaseApp", "MusicSQLDatabaseApp.csproj", "{49A8399A-EE7A-41F0-9B78-86FDC2800DE4}"
EndProject
Global
	GlobalSection(SolutionConfigurationPlatforms) = preSolution
		Debug|Any CPU = Debug|Any CPU
		Release|Any CPU = Release|Any CPU
	EndGlobalSection
	GlobalSection(ProjectConfigurationPlatforms) = postSolution
		{49A8399A-EE7A-41F0-9B78-86FDC2800DE4}.Debug|Any CPU.ActiveCfg = Debug|Any CPU
		{49A8399A-EE7A-41F0-9B78-86FDC2800DE4}.Debug|Any CPU.Build.0 = Debug|Any CPU
		{49A8399A-EE7A-41F0-9B78-86FDC2800DE4}.Release|Any CPU.ActiveCfg = Release|Any CPU
		{49A8399A-EE7A-41F0-9B78-86FDC2800DE4}.Release|Any CPU.Build.0 = Release|Any CPU
	EndGlobalSection
	GlobalSection(SolutionProperties) = preSolution
		HideSolutionNode = FALSE
	EndGlobalSection
	GlobalSection(ExtensibilityGlobals) = postSolution
		SolutionGuid = {7355D966-8D03-43EE-A755-25B96583A8FC}
	EndGlobalSection
EndGlobal
